Microsoft Visual Studio Solution File, Format Version 12.00
# Visual Studio 14
VisualStudioVersion = 14.0.25420.1
MinimumVisualStudioVersion = 10.0.40219.1
Project("{FAE04EC0-301F-11D3-BF4B-00C04F79EFBC}") = "BottomBarXFExample", "example\BottomBarXFExample\BottomBarXFExample.csproj", "{821A7B88-A9CD-4CCA-B32B-CEE8DCF49738}"
EndProject
Project("{FAE04EC0-301F-11D3-BF4B-00C04F79EFBC}") = "BottomBarXFExample.Droid", "example\BottomBarXFExample.Droid\BottomBarXFExample.Droid.csproj", "{03FE6BCA-AA3B-4689-A829-DB87D51A149E}"
EndProject
Project("{FAE04EC0-301F-11D3-BF4B-00C04F79EFBC}") = "BottomBar.XamarinForms", "BottomBar.XamarinForms\BottomBar.XamarinForms.csproj", "{BB1D801D-5EC3-471D-B9EA-98C48D785BAA}"
EndProject
Project("{FAE04EC0-301F-11D3-BF4B-00C04F79EFBC}") = "BottomBar.Droid", "BottomBar.Droid\BottomBar.Droid.csproj", "{96746A3E-074D-40C6-B2E2-CA90313012C6}"
EndProject
Project("{2150E333-8FDC-42A3-9474-1A3956D46DE8}") = "Example - XF", "Example - XF", "{21BCEE36-ACC1-40B6-99F8-C55B1EFB24AC}"
EndProject
Project("{2150E333-8FDC-42A3-9474-1A3956D46DE8}") = "Example - XF XAML", "Example - XF XAML", "{EB8CE116-C94E-4674-82D7-7A2978B32A17}"
EndProject
Project("{FAE04EC0-301F-11D3-BF4B-00C04F79EFBC}") = "BottomBarXFExampleXaml", "example-xaml\BottomBarXFExampleXaml\BottomBarXFExampleXaml.csproj", "{D72B487F-AA32-45B3-92B1-C36BC5659CBF}"
EndProject
Project("{FAE04EC0-301F-11D3-BF4B-00C04F79EFBC}") = "BottomBarXFExampleXaml.Droid", "example-xaml\BottomBarXFExampleXaml.Droid\BottomBarXFExampleXaml.Droid.csproj", "{C5BC9521-E9B9-44E3-A505-256080B78234}"
EndProject
Project("{FAE04EC0-301F-11D3-BF4B-00C04F79EFBC}") = "BottomBarXFExample.iOS", "example\BottomBarXFExample.iOS\BottomBarXFExample.iOS.csproj", "{7AB8FBA6-4F0B-409F-B891-104BA3554470}"
EndProject
Global
	GlobalSection(SolutionConfigurationPlatforms) = preSolution
		Ad-Hoc|Any CPU = Ad-Hoc|Any CPU
		Ad-Hoc|iPhone = Ad-Hoc|iPhone
		Ad-Hoc|iPhoneSimulator = Ad-Hoc|iPhoneSimulator
		AppStore|Any CPU = AppStore|Any CPU
		AppStore|iPhone = AppStore|iPhone
		AppStore|iPhoneSimulator = AppStore|iPhoneSimulator
		Debug|Any CPU = Debug|Any CPU
		Debug|iPhone = Debug|iPhone
		Debug|iPhoneSimulator = Debug|iPhoneSimulator
		Release|Any CPU = Release|Any CPU
		Release|iPhone = Release|iPhone
		Release|iPhoneSimulator = Release|iPhoneSimulator
	EndGlobalSection
	GlobalSection(ProjectConfigurationPlatforms) = postSolution
		{821A7B88-A9CD-4CCA-B32B-CEE8DCF49738}.Ad-Hoc|Any CPU.ActiveCfg = Release|Any CPU
		{821A7B88-A9CD-4CCA-B32B-CEE8DCF49738}.Ad-Hoc|Any CPU.Build.0 = Release|Any CPU
		{821A7B88-A9CD-4CCA-B32B-CEE8DCF49738}.Ad-Hoc|iPhone.ActiveCfg = Release|Any CPU
		{821A7B88-A9CD-4CCA-B32B-CEE8DCF49738}.Ad-Hoc|iPhone.Build.0 = Release|Any CPU
		{821A7B88-A9CD-4CCA-B32B-CEE8DCF49738}.Ad-Hoc|iPhoneSimulator.ActiveCfg = Release|Any CPU
		{821A7B88-A9CD-4CCA-B32B-CEE8DCF49738}.Ad-Hoc|iPhoneSimulator.Build.0 = Release|Any CPU
		{821A7B88-A9CD-4CCA-B32B-CEE8DCF49738}.AppStore|Any CPU.ActiveCfg = Release|Any CPU
		{821A7B88-A9CD-4CCA-B32B-CEE8DCF49738}.AppStore|Any CPU.Build.0 = Release|Any CPU
		{821A7B88-A9CD-4CCA-B32B-CEE8DCF49738}.AppStore|iPhone.ActiveCfg = Release|Any CPU
		{821A7B88-A9CD-4CCA-B32B-CEE8DCF49738}.AppStore|iPhone.Build.0 = Release|Any CPU
		{821A7B88-A9CD-4CCA-B32B-CEE8DCF49738}.AppStore|iPhoneSimulator.ActiveCfg = Release|Any CPU
		{821A7B88-A9CD-4CCA-B32B-CEE8DCF49738}.AppStore|iPhoneSimulator.Build.0 = Release|Any CPU
		{821A7B88-A9CD-4CCA-B32B-CEE8DCF49738}.Debug|Any CPU.ActiveCfg = Debug|Any CPU
		{821A7B88-A9CD-4CCA-B32B-CEE8DCF49738}.Debug|Any CPU.Build.0 = Debug|Any CPU
		{821A7B88-A9CD-4CCA-B32B-CEE8DCF49738}.Debug|iPhone.ActiveCfg = Debug|Any CPU
		{821A7B88-A9CD-4CCA-B32B-CEE8DCF49738}.Debug|iPhone.Build.0 = Debug|Any CPU
		{821A7B88-A9CD-4CCA-B32B-CEE8DCF49738}.Debug|iPhoneSimulator.ActiveCfg = Debug|Any CPU
		{821A7B88-A9CD-4CCA-B32B-CEE8DCF49738}.Debug|iPhoneSimulator.Build.0 = Debug|Any CPU
		{821A7B88-A9CD-4CCA-B32B-CEE8DCF49738}.Release|Any CPU.ActiveCfg = Release|Any CPU
		{821A7B88-A9CD-4CCA-B32B-CEE8DCF49738}.Release|Any CPU.Build.0 = Release|Any CPU
		{821A7B88-A9CD-4CCA-B32B-CEE8DCF49738}.Release|iPhone.ActiveCfg = Release|Any CPU
		{821A7B88-A9CD-4CCA-B32B-CEE8DCF49738}.Release|iPhone.Build.0 = Release|Any CPU
		{821A7B88-A9CD-4CCA-B32B-CEE8DCF49738}.Release|iPhoneSimulator.ActiveCfg = Release|Any CPU
		{821A7B88-A9CD-4CCA-B32B-CEE8DCF49738}.Release|iPhoneSimulator.Build.0 = Release|Any CPU
		{03FE6BCA-AA3B-4689-A829-DB87D51A149E}.Ad-Hoc|Any CPU.ActiveCfg = Release|Any CPU
		{03FE6BCA-AA3B-4689-A829-DB87D51A149E}.Ad-Hoc|Any CPU.Build.0 = Release|Any CPU
		{03FE6BCA-AA3B-4689-A829-DB87D51A149E}.Ad-Hoc|Any CPU.Deploy.0 = Release|Any CPU
		{03FE6BCA-AA3B-4689-A829-DB87D51A149E}.Ad-Hoc|iPhone.ActiveCfg = Release|Any CPU
		{03FE6BCA-AA3B-4689-A829-DB87D51A149E}.Ad-Hoc|iPhone.Build.0 = Release|Any CPU
		{03FE6BCA-AA3B-4689-A829-DB87D51A149E}.Ad-Hoc|iPhone.Deploy.0 = Release|Any CPU
		{03FE6BCA-AA3B-4689-A829-DB87D51A149E}.Ad-Hoc|iPhoneSimulator.ActiveCfg = Release|Any CPU
		{03FE6BCA-AA3B-4689-A829-DB87D51A149E}.Ad-Hoc|iPhoneSimulator.Build.0 = Release|Any CPU
		{03FE6BCA-AA3B-4689-A829-DB87D51A149E}.Ad-Hoc|iPhoneSimulator.Deploy.0 = Release|Any CPU
		{03FE6BCA-AA3B-4689-A829-DB87D51A149E}.AppStore|Any CPU.ActiveCfg = Release|Any CPU
		{03FE6BCA-AA3B-4689-A829-DB87D51A149E}.AppStore|Any CPU.Build.0 = Release|Any CPU
		{03FE6BCA-AA3B-4689-A829-DB87D51A149E}.AppStore|Any CPU.Deploy.0 = Release|Any CPU
		{03FE6BCA-AA3B-4689-A829-DB87D51A149E}.AppStore|iPhone.ActiveCfg = Release|Any CPU
		{03FE6BCA-AA3B-4689-A829-DB87D51A149E}.AppStore|iPhone.Build.0 = Release|Any CPU
		{03FE6BCA-AA3B-4689-A829-DB87D51A149E}.AppStore|iPhone.Deploy.0 = Release|Any CPU
		{03FE6BCA-AA3B-4689-A829-DB87D51A149E}.AppStore|iPhoneSimulator.ActiveCfg = Release|Any CPU
		{03FE6BCA-AA3B-4689-A829-DB87D51A149E}.AppStore|iPhoneSimulator.Build.0 = Release|Any CPU
		{03FE6BCA-AA3B-4689-A829-DB87D51A149E}.AppStore|iPhoneSimulator.Deploy.0 = Release|Any CPU
		{03FE6BCA-AA3B-4689-A829-DB87D51A149E}.Debug|Any CPU.ActiveCfg = Debug|Any CPU
		{03FE6BCA-AA3B-4689-A829-DB87D51A149E}.Debug|Any CPU.Build.0 = Debug|Any CPU
		{03FE6BCA-AA3B-4689-A829-DB87D51A149E}.Debug|Any CPU.Deploy.0 = Debug|Any CPU
		{03FE6BCA-AA3B-4689-A829-DB87D51A149E}.Debug|iPhone.ActiveCfg = Debug|Any CPU
		{03FE6BCA-AA3B-4689-A829-DB87D51A149E}.Debug|iPhone.Build.0 = Debug|Any CPU
		{03FE6BCA-AA3B-4689-A829-DB87D51A149E}.Debug|iPhone.Deploy.0 = Debug|Any CPU
		{03FE6BCA-AA3B-4689-A829-DB87D51A149E}.Debug|iPhoneSimulator.ActiveCfg = Debug|Any CPU
		{03FE6BCA-AA3B-4689-A829-DB87D51A149E}.Debug|iPhoneSimulator.Build.0 = Debug|Any CPU
		{03FE6BCA-AA3B-4689-A829-DB87D51A149E}.Debug|iPhoneSimulator.Deploy.0 = Debug|Any CPU
		{03FE6BCA-AA3B-4689-A829-DB87D51A149E}.Release|Any CPU.ActiveCfg = Release|Any CPU
		{03FE6BCA-AA3B-4689-A829-DB87D51A149E}.Release|Any CPU.Build.0 = Release|Any CPU
		{03FE6BCA-AA3B-4689-A829-DB87D51A149E}.Release|Any CPU.Deploy.0 = Release|Any CPU
		{03FE6BCA-AA3B-4689-A829-DB87D51A149E}.Release|iPhone.ActiveCfg = Release|Any CPU
		{03FE6BCA-AA3B-4689-A829-DB87D51A149E}.Release|iPhone.Build.0 = Release|Any CPU
		{03FE6BCA-AA3B-4689-A829-DB87D51A149E}.Release|iPhone.Deploy.0 = Release|Any CPU
		{03FE6BCA-AA3B-4689-A829-DB87D51A149E}.Release|iPhoneSimulator.ActiveCfg = Release|Any CPU
		{03FE6BCA-AA3B-4689-A829-DB87D51A149E}.Release|iPhoneSimulator.Build.0 = Release|Any CPU
		{03FE6BCA-AA3B-4689-A829-DB87D51A149E}.Release|iPhoneSimulator.Deploy.0 = Release|Any CPU
		{BB1D801D-5EC3-471D-B9EA-98C48D785BAA}.Ad-Hoc|Any CPU.ActiveCfg = Release|Any CPU
		{BB1D801D-5EC3-471D-B9EA-98C48D785BAA}.Ad-Hoc|Any CPU.Build.0 = Release|Any CPU
		{BB1D801D-5EC3-471D-B9EA-98C48D785BAA}.Ad-Hoc|iPhone.ActiveCfg = Release|Any CPU
		{BB1D801D-5EC3-471D-B9EA-98C48D785BAA}.Ad-Hoc|iPhone.Build.0 = Release|Any CPU
		{BB1D801D-5EC3-471D-B9EA-98C48D785BAA}.Ad-Hoc|iPhoneSimulator.ActiveCfg = Release|Any CPU
		{BB1D801D-5EC3-471D-B9EA-98C48D785BAA}.Ad-Hoc|iPhoneSimulator.Build.0 = Release|Any CPU
		{BB1D801D-5EC3-471D-B9EA-98C48D785BAA}.AppStore|Any CPU.ActiveCfg = Release|Any CPU
		{BB1D801D-5EC3-471D-B9EA-98C48D785BAA}.AppStore|Any CPU.Build.0 = Release|Any CPU
		{BB1D801D-5EC3-471D-B9EA-98C48D785BAA}.AppStore|iPhone.ActiveCfg = Release|Any CPU
		{BB1D801D-5EC3-471D-B9EA-98C48D785BAA}.AppStore|iPhone.Build.0 = Release|Any CPU
		{BB1D801D-5EC3-471D-B9EA-98C48D785BAA}.AppStore|iPhoneSimulator.ActiveCfg = Release|Any CPU
		{BB1D801D-5EC3-471D-B9EA-98C48D785BAA}.AppStore|iPhoneSimulator.Build.0 = Release|Any CPU
		{BB1D801D-5EC3-471D-B9EA-98C48D785BAA}.Debug|Any CPU.ActiveCfg = Debug|Any CPU
		{BB1D801D-5EC3-471D-B9EA-98C48D785BAA}.Debug|Any CPU.Build.0 = Debug|Any CPU
		{BB1D801D-5EC3-471D-B9EA-98C48D785BAA}.Debug|iPhone.ActiveCfg = Debug|Any CPU
		{BB1D801D-5EC3-471D-B9EA-98C48D785BAA}.Debug|iPhone.Build.0 = Debug|Any CPU
		{BB1D801D-5EC3-471D-B9EA-98C48D785BAA}.Debug|iPhoneSimulator.ActiveCfg = Debug|Any CPU
		{BB1D801D-5EC3-471D-B9EA-98C48D785BAA}.Debug|iPhoneSimulator.Build.0 = Debug|Any CPU
		{BB1D801D-5EC3-471D-B9EA-98C48D785BAA}.Release|Any CPU.ActiveCfg = Release|Any CPU
		{BB1D801D-5EC3-471D-B9EA-98C48D785BAA}.Release|Any CPU.Build.0 = Release|Any CPU
		{BB1D801D-5EC3-471D-B9EA-98C48D785BAA}.Release|iPhone.ActiveCfg = Release|Any CPU
		{BB1D801D-5EC3-471D-B9EA-98C48D785BAA}.Release|iPhone.Build.0 = Release|Any CPU
		{BB1D801D-5EC3-471D-B9EA-98C48D785BAA}.Release|iPhoneSimulator.ActiveCfg = Release|Any CPU
		{BB1D801D-5EC3-471D-B9EA-98C48D785BAA}.Release|iPhoneSimulator.Build.0 = Release|Any CPU
		{96746A3E-074D-40C6-B2E2-CA90313012C6}.Ad-Hoc|Any CPU.ActiveCfg = Release|Any CPU
		{96746A3E-074D-40C6-B2E2-CA90313012C6}.Ad-Hoc|Any CPU.Build.0 = Release|Any CPU
		{96746A3E-074D-40C6-B2E2-CA90313012C6}.Ad-Hoc|iPhone.ActiveCfg = Release|Any CPU
		{96746A3E-074D-40C6-B2E2-CA90313012C6}.Ad-Hoc|iPhone.Build.0 = Release|Any CPU
		{96746A3E-074D-40C6-B2E2-CA90313012C6}.Ad-Hoc|iPhoneSimulator.ActiveCfg = Release|Any CPU
		{96746A3E-074D-40C6-B2E2-CA90313012C6}.Ad-Hoc|iPhoneSimulator.Build.0 = Release|Any CPU
		{96746A3E-074D-40C6-B2E2-CA90313012C6}.AppStore|Any CPU.ActiveCfg = Release|Any CPU
		{96746A3E-074D-40C6-B2E2-CA90313012C6}.AppStore|Any CPU.Build.0 = Release|Any CPU
		{96746A3E-074D-40C6-B2E2-CA90313012C6}.AppStore|iPhone.ActiveCfg = Release|Any CPU
		{96746A3E-074D-40C6-B2E2-CA90313012C6}.AppStore|iPhone.Build.0 = Release|Any CPU
		{96746A3E-074D-40C6-B2E2-CA90313012C6}.AppStore|iPhoneSimulator.ActiveCfg = Release|Any CPU
		{96746A3E-074D-40C6-B2E2-CA90313012C6}.AppStore|iPhoneSimulator.Build.0 = Release|Any CPU
		{96746A3E-074D-40C6-B2E2-CA90313012C6}.Debug|Any CPU.ActiveCfg = Debug|Any CPU
		{96746A3E-074D-40C6-B2E2-CA90313012C6}.Debug|Any CPU.Build.0 = Debug|Any CPU
		{96746A3E-074D-40C6-B2E2-CA90313012C6}.Debug|iPhone.ActiveCfg = Debug|Any CPU
		{96746A3E-074D-40C6-B2E2-CA90313012C6}.Debug|iPhone.Build.0 = Debug|Any CPU
		{96746A3E-074D-40C6-B2E2-CA90313012C6}.Debug|iPhoneSimulator.ActiveCfg = Debug|Any CPU
		{96746A3E-074D-40C6-B2E2-CA90313012C6}.Debug|iPhoneSimulator.Build.0 = Debug|Any CPU
		{96746A3E-074D-40C6-B2E2-CA90313012C6}.Release|Any CPU.ActiveCfg = Release|Any CPU
		{96746A3E-074D-40C6-B2E2-CA90313012C6}.Release|Any CPU.Build.0 = Release|Any CPU
		{96746A3E-074D-40C6-B2E2-CA90313012C6}.Release|iPhone.ActiveCfg = Release|Any CPU
		{96746A3E-074D-40C6-B2E2-CA90313012C6}.Release|iPhone.Build.0 = Release|Any CPU
		{96746A3E-074D-40C6-B2E2-CA90313012C6}.Release|iPhoneSimulator.ActiveCfg = Release|Any CPU
		{96746A3E-074D-40C6-B2E2-CA90313012C6}.Release|iPhoneSimulator.Build.0 = Release|Any CPU
		{D72B487F-AA32-45B3-92B1-C36BC5659CBF}.Ad-Hoc|Any CPU.ActiveCfg = Release|Any CPU
		{D72B487F-AA32-45B3-92B1-C36BC5659CBF}.Ad-Hoc|Any CPU.Build.0 = Release|Any CPU
		{D72B487F-AA32-45B3-92B1-C36BC5659CBF}.Ad-Hoc|iPhone.ActiveCfg = Release|Any CPU
		{D72B487F-AA32-45B3-92B1-C36BC5659CBF}.Ad-Hoc|iPhone.Build.0 = Release|Any CPU
		{D72B487F-AA32-45B3-92B1-C36BC5659CBF}.Ad-Hoc|iPhoneSimulator.ActiveCfg = Release|Any CPU
		{D72B487F-AA32-45B3-92B1-C36BC5659CBF}.Ad-Hoc|iPhoneSimulator.Build.0 = Release|Any CPU
		{D72B487F-AA32-45B3-92B1-C36BC5659CBF}.AppStore|Any CPU.ActiveCfg = Release|Any CPU
		{D72B487F-AA32-45B3-92B1-C36BC5659CBF}.AppStore|Any CPU.Build.0 = Release|Any CPU
		{D72B487F-AA32-45B3-92B1-C36BC5659CBF}.AppStore|iPhone.ActiveCfg = Release|Any CPU
		{D72B487F-AA32-45B3-92B1-C36BC5659CBF}.AppStore|iPhone.Build.0 = Release|Any CPU
		{D72B487F-AA32-45B3-92B1-C36BC5659CBF}.AppStore|iPhoneSimulator.ActiveCfg = Release|Any CPU
		{D72B487F-AA32-45B3-92B1-C36BC5659CBF}.AppStore|iPhoneSimulator.Build.0 = Release|Any CPU
		{D72B487F-AA32-45B3-92B1-C36BC5659CBF}.Debug|Any CPU.ActiveCfg = Debug|Any CPU
		{D72B487F-AA32-45B3-92B1-C36BC5659CBF}.Debug|Any CPU.Build.0 = Debug|Any CPU
		{D72B487F-AA32-45B3-92B1-C36BC5659CBF}.Debug|iPhone.ActiveCfg = Debug|Any CPU
		{D72B487F-AA32-45B3-92B1-C36BC5659CBF}.Debug|iPhone.Build.0 = Debug|Any CPU
		{D72B487F-AA32-45B3-92B1-C36BC5659CBF}.Debug|iPhoneSimulator.ActiveCfg = Debug|Any CPU
		{D72B487F-AA32-45B3-92B1-C36BC5659CBF}.Debug|iPhoneSimulator.Build.0 = Debug|Any CPU
		{D72B487F-AA32-45B3-92B1-C36BC5659CBF}.Release|Any CPU.ActiveCfg = Release|Any CPU
		{D72B487F-AA32-45B3-92B1-C36BC5659CBF}.Release|Any CPU.Build.0 = Release|Any CPU
		{D72B487F-AA32-45B3-92B1-C36BC5659CBF}.Release|iPhone.ActiveCfg = Release|Any CPU
		{D72B487F-AA32-45B3-92B1-C36BC5659CBF}.Release|iPhone.Build.0 = Release|Any CPU
		{D72B487F-AA32-45B3-92B1-C36BC5659CBF}.Release|iPhoneSimulator.ActiveCfg = Release|Any CPU
		{D72B487F-AA32-45B3-92B1-C36BC5659CBF}.Release|iPhoneSimulator.Build.0 = Release|Any CPU
		{C5BC9521-E9B9-44E3-A505-256080B78234}.Ad-Hoc|Any CPU.ActiveCfg = Release|Any CPU
		{C5BC9521-E9B9-44E3-A505-256080B78234}.Ad-Hoc|Any CPU.Build.0 = Release|Any CPU
		{C5BC9521-E9B9-44E3-A505-256080B78234}.Ad-Hoc|Any CPU.Deploy.0 = Release|Any CPU
		{C5BC9521-E9B9-44E3-A505-256080B78234}.Ad-Hoc|iPhone.ActiveCfg = Release|Any CPU
		{C5BC9521-E9B9-44E3-A505-256080B78234}.Ad-Hoc|iPhone.Build.0 = Release|Any CPU
		{C5BC9521-E9B9-44E3-A505-256080B78234}.Ad-Hoc|iPhone.Deploy.0 = Release|Any CPU
		{C5BC9521-E9B9-44E3-A505-256080B78234}.Ad-Hoc|iPhoneSimulator.ActiveCfg = Release|Any CPU
		{C5BC9521-E9B9-44E3-A505-256080B78234}.Ad-Hoc|iPhoneSimulator.Build.0 = Release|Any CPU
		{C5BC9521-E9B9-44E3-A505-256080B78234}.Ad-Hoc|iPhoneSimulator.Deploy.0 = Release|Any CPU
		{C5BC9521-E9B9-44E3-A505-256080B78234}.AppStore|Any CPU.ActiveCfg = Release|Any CPU
		{C5BC9521-E9B9-44E3-A505-256080B78234}.AppStore|Any CPU.Build.0 = Release|Any CPU
		{C5BC9521-E9B9-44E3-A505-256080B78234}.AppStore|Any CPU.Deploy.0 = Release|Any CPU
		{C5BC9521-E9B9-44E3-A505-256080B78234}.AppStore|iPhone.ActiveCfg = Release|Any CPU
		{C5BC9521-E9B9-44E3-A505-256080B78234}.AppStore|iPhone.Build.0 = Release|Any CPU
		{C5BC9521-E9B9-44E3-A505-256080B78234}.AppStore|iPhone.Deploy.0 = Release|Any CPU
		{C5BC9521-E9B9-44E3-A505-256080B78234}.AppStore|iPhoneSimulator.ActiveCfg = Release|Any CPU
		{C5BC9521-E9B9-44E3-A505-256080B78234}.AppStore|iPhoneSimulator.Build.0 = Release|Any CPU
		{C5BC9521-E9B9-44E3-A505-256080B78234}.AppStore|iPhoneSimulator.Deploy.0 = Release|Any CPU
		{C5BC9521-E9B9-44E3-A505-256080B78234}.Debug|Any CPU.ActiveCfg = Debug|Any CPU
		{C5BC9521-E9B9-44E3-A505-256080B78234}.Debug|Any CPU.Build.0 = Debug|Any CPU
		{C5BC9521-E9B9-44E3-A505-256080B78234}.Debug|Any CPU.Deploy.0 = Debug|Any CPU
		{C5BC9521-E9B9-44E3-A505-256080B78234}.Debug|iPhone.ActiveCfg = Debug|Any CPU
		{C5BC9521-E9B9-44E3-A505-256080B78234}.Debug|iPhone.Build.0 = Debug|Any CPU
		{C5BC9521-E9B9-44E3-A505-256080B78234}.Debug|iPhone.Deploy.0 = Debug|Any CPU
		{C5BC9521-E9B9-44E3-A505-256080B78234}.Debug|iPhoneSimulator.ActiveCfg = Debug|Any CPU
		{C5BC9521-E9B9-44E3-A505-256080B78234}.Debug|iPhoneSimulator.Build.0 = Debug|Any CPU
		{C5BC9521-E9B9-44E3-A505-256080B78234}.Debug|iPhoneSimulator.Deploy.0 = Debug|Any CPU
		{C5BC9521-E9B9-44E3-A505-256080B78234}.Release|Any CPU.ActiveCfg = Release|Any CPU
		{C5BC9521-E9B9-44E3-A505-256080B78234}.Release|Any CPU.Build.0 = Release|Any CPU
		{C5BC9521-E9B9-44E3-A505-256080B78234}.Release|Any CPU.Deploy.0 = Release|Any CPU
		{C5BC9521-E9B9-44E3-A505-256080B78234}.Release|iPhone.ActiveCfg = Release|Any CPU
		{C5BC9521-E9B9-44E3-A505-256080B78234}.Release|iPhone.Build.0 = Release|Any CPU
		{C5BC9521-E9B9-44E3-A505-256080B78234}.Release|iPhone.Deploy.0 = Release|Any CPU
		{C5BC9521-E9B9-44E3-A505-256080B78234}.Release|iPhoneSimulator.ActiveCfg = Release|Any CPU
		{C5BC9521-E9B9-44E3-A505-256080B78234}.Release|iPhoneSimulator.Build.0 = Release|Any CPU
		{C5BC9521-E9B9-44E3-A505-256080B78234}.Release|iPhoneSimulator.Deploy.0 = Release|Any CPU
		{7AB8FBA6-4F0B-409F-B891-104BA3554470}.Ad-Hoc|Any CPU.ActiveCfg = Ad-Hoc|iPhone
		{7AB8FBA6-4F0B-409F-B891-104BA3554470}.Ad-Hoc|iPhone.ActiveCfg = Ad-Hoc|iPhone
		{7AB8FBA6-4F0B-409F-B891-104BA3554470}.Ad-Hoc|iPhone.Build.0 = Ad-Hoc|iPhone
		{7AB8FBA6-4F0B-409F-B891-104BA3554470}.Ad-Hoc|iPhoneSimulator.ActiveCfg = Ad-Hoc|iPhoneSimulator
		{7AB8FBA6-4F0B-409F-B891-104BA3554470}.Ad-Hoc|iPhoneSimulator.Build.0 = Ad-Hoc|iPhoneSimulator
		{7AB8FBA6-4F0B-409F-B891-104BA3554470}.AppStore|Any CPU.ActiveCfg = AppStore|iPhone
		{7AB8FBA6-4F0B-409F-B891-104BA3554470}.AppStore|iPhone.ActiveCfg = AppStore|iPhone
		{7AB8FBA6-4F0B-409F-B891-104BA3554470}.AppStore|iPhone.Build.0 = AppStore|iPhone
		{7AB8FBA6-4F0B-409F-B891-104BA3554470}.AppStore|iPhoneSimulator.ActiveCfg = AppStore|iPhoneSimulator
		{7AB8FBA6-4F0B-409F-B891-104BA3554470}.AppStore|iPhoneSimulator.Build.0 = AppStore|iPhoneSimulator
		{7AB8FBA6-4F0B-409F-B891-104BA3554470}.Debug|Any CPU.ActiveCfg = Debug|iPhone
		{7AB8FBA6-4F0B-409F-B891-104BA3554470}.Debug|iPhone.ActiveCfg = Debug|iPhone
		{7AB8FBA6-4F0B-409F-B891-104BA3554470}.Debug|iPhone.Build.0 = Debug|iPhone
		{7AB8FBA6-4F0B-409F-B891-104BA3554470}.Debug|iPhoneSimulator.ActiveCfg = Debug|iPhoneSimulator
		{7AB8FBA6-4F0B-409F-B891-104BA3554470}.Debug|iPhoneSimulator.Build.0 = Debug|iPhoneSimulator
		{7AB8FBA6-4F0B-409F-B891-104BA3554470}.Release|Any CPU.ActiveCfg = Release|iPhone
		{7AB8FBA6-4F0B-409F-B891-104BA3554470}.Release|iPhone.ActiveCfg = Release|iPhone
		{7AB8FBA6-4F0B-409F-B891-104BA3554470}.Release|iPhone.Build.0 = Release|iPhone
		{7AB8FBA6-4F0B-409F-B891-104BA3554470}.Release|iPhoneSimulator.ActiveCfg = Release|iPhoneSimulator
		{7AB8FBA6-4F0B-409F-B891-104BA3554470}.Release|iPhoneSimulator.Build.0 = Release|iPhoneSimulator
	EndGlobalSection
	GlobalSection(SolutionProperties) = preSolution
		HideSolutionNode = FALSE
	EndGlobalSection
	GlobalSection(NestedProjects) = preSolution
		{821A7B88-A9CD-4CCA-B32B-CEE8DCF49738} = {21BCEE36-ACC1-40B6-99F8-C55B1EFB24AC}
		{03FE6BCA-AA3B-4689-A829-DB87D51A149E} = {21BCEE36-ACC1-40B6-99F8-C55B1EFB24AC}
		{D72B487F-AA32-45B3-92B1-C36BC5659CBF} = {EB8CE116-C94E-4674-82D7-7A2978B32A17}
		{C5BC9521-E9B9-44E3-A505-256080B78234} = {EB8CE116-C94E-4674-82D7-7A2978B32A17}
		{7AB8FBA6-4F0B-409F-B891-104BA3554470} = {21BCEE36-ACC1-40B6-99F8-C55B1EFB24AC}
	EndGlobalSection
	GlobalSection(MonoDevelopProperties) = preSolution
		Policies = $0
		$0.DotNetNamingPolicy = $1
		$1.DirectoryNamespaceAssociation = None
		$1.ResourceNamePolicy = FileFormatDefault
		$0.StandardHeader = $2
		$2.Text = 
		$2.IncludeInNewFiles = True
		$0.NameConventionPolicy = $3
		$3.Rules = $4
		$4.NamingRule = $24
		$5.Name = Type Parameters
		$5.AffectedEntity = TypeParameter
		$5.VisibilityMask = VisibilityMask
		$5.NamingStyle = PascalCase
		$5.IncludeInstanceMembers = True
		$5.IncludeStaticEntities = True
		$5.RequiredPrefixes = $27
		$27.String = T
		$5.RequiredSuffixes = $28
		$28.String = Exception
		$6.Name = Types
		$6.AffectedEntity = Class, Struct, Enum, Delegate
		$6.VisibilityMask = Public
		$6.NamingStyle = PascalCase
		$6.IncludeInstanceMembers = True
		$6.IncludeStaticEntities = True
		$7.Name = Interfaces
		$7.RequiredPrefixes = $8
		$8.String = I
		$7.AffectedEntity = Interface
		$7.VisibilityMask = Public
		$7.NamingStyle = PascalCase
		$7.IncludeInstanceMembers = True
		$7.IncludeStaticEntities = True
		$9.Name = Attributes
		$9.RequiredSuffixes = $10
		$10.String = Attribute
		$9.AffectedEntity = CustomAttributes
		$9.VisibilityMask = Public
		$9.NamingStyle = PascalCase
		$9.IncludeInstanceMembers = True
		$9.IncludeStaticEntities = True
		$11.Name = Event Arguments
		$11.RequiredSuffixes = $12
		$12.String = EventArgs
		$11.AffectedEntity = CustomEventArgs
		$11.VisibilityMask = Public
		$11.NamingStyle = PascalCase
		$11.IncludeInstanceMembers = True
		$11.IncludeStaticEntities = True
		$13.Name = Exceptions
		$13.RequiredSuffixes = $14
		$14.String = Exception
		$13.AffectedEntity = CustomExceptions
		$13.VisibilityMask = VisibilityMask
		$13.NamingStyle = PascalCase
		$13.IncludeInstanceMembers = True
		$13.IncludeStaticEntities = True
		$15.Name = Methods
		$15.AffectedEntity = Methods
		$15.VisibilityMask = Protected, Public
		$15.NamingStyle = PascalCase
		$15.IncludeInstanceMembers = True
		$15.IncludeStaticEntities = True
		$16.Name = Static Readonly Fields
		$16.AffectedEntity = ReadonlyField
		$16.VisibilityMask = Protected, Public
		$16.NamingStyle = PascalCase
		$16.IncludeInstanceMembers = False
		$16.IncludeStaticEntities = True
		$17.Name = Fields
		$17.AffectedEntity = Field
		$17.VisibilityMask = Protected, Public
		$17.NamingStyle = PascalCase
		$17.IncludeInstanceMembers = True
		$17.IncludeStaticEntities = True
		$18.Name = ReadOnly Fields
		$18.AffectedEntity = ReadonlyField
		$18.VisibilityMask = Protected, Public
		$18.NamingStyle = PascalCase
		$18.IncludeInstanceMembers = True
		$18.IncludeStaticEntities = False
		$19.Name = Constant Fields
		$19.AffectedEntity = ConstantField
		$19.VisibilityMask = Protected, Public
		$19.NamingStyle = PascalCase
		$19.IncludeInstanceMembers = True
		$19.IncludeStaticEntities = True
		$20.Name = Properties
		$20.AffectedEntity = Property
		$20.VisibilityMask = Protected, Public
		$20.NamingStyle = PascalCase
		$20.IncludeInstanceMembers = True
		$20.IncludeStaticEntities = True
		$21.Name = Events
		$21.AffectedEntity = Event
		$21.VisibilityMask = Protected, Public
		$21.NamingStyle = PascalCase
		$21.IncludeInstanceMembers = True
		$21.IncludeStaticEntities = True
		$22.Name = Enum Members
		$22.AffectedEntity = EnumMember
		$22.VisibilityMask = VisibilityMask
		$22.NamingStyle = PascalCase
		$22.IncludeInstanceMembers = True
		$22.IncludeStaticEntities = True
		$23.Name = Parameters
		$23.AffectedEntity = Parameter
		$23.VisibilityMask = VisibilityMask
		$23.NamingStyle = CamelCase
		$23.IncludeInstanceMembers = True
		$23.IncludeStaticEntities = True
		$24.Name = Type Parameters
		$24.RequiredPrefixes = $25
		$25.String = T
		$24.AffectedEntity = TypeParameter
		$24.VisibilityMask = VisibilityMask
		$24.NamingStyle = PascalCase
		$24.IncludeInstanceMembers = True
		$24.IncludeStaticEntities = True
		$0.VersionControlPolicy = $26
		$26.inheritsSet = Mono
		version = 0.8
	EndGlobalSection
EndGlobal
